
Microsoft Visual Studio Solution File, Format Version 12.00
# Visual Studio Version 16
VisualStudioVersion = 16.0.31402.337
MinimumVisualStudioVersion = 10.0.40219.1
Project("{2150E333-8FDC-42A3-9474-1A3956D46DE8}") = "Solution Items", "Solution Items", "{28859FBD-EA1F-4C8E-8E81-D69FFC19C3E6}"
	ProjectSection(SolutionItems) = preProject
		.editorconfig = .editorconfig
		stylecop.json = stylecop.json
	EndProjectSection
EndProject
Project("{2150E333-8FDC-42A3-9474-1A3956D46DE8}") = "src", "src", "{64D4A07F-9C8E-4C08-A293-18544FA71390}"
EndProject
Project("{9A19103F-16F7-4668-BE54-9A1E7A4F7556}") = "Pandorax.PagedList", "src\Pandorax.PagedList\Pandorax.PagedList.csproj", "{7A7FF4B6-68A1-4FEB-9827-FF06AEAEC24F}"
EndProject
Project("{2150E333-8FDC-42A3-9474-1A3956D46DE8}") = "test", "test", "{EEAB18A0-7D5C-4F81-BB52-1DC3B1C1BF49}"
	ProjectSection(SolutionItems) = preProject
		test\.editorconfig = test\.editorconfig
	EndProjectSection
EndProject
Project("{9A19103F-16F7-4668-BE54-9A1E7A4F7556}") = "Pandorax.PagedList.Test", "test\Pandorax.PagedList.Test\Pandorax.PagedList.Test.csproj", "{A951D287-8B01-4842-88FF-2B83618B6B46}"
EndProject
Global
	GlobalSection(SolutionConfigurationPlatforms) = preSolution
		Debug|Any CPU = Debug|Any CPU
		Debug|x64 = Debug|x64
		Debug|x86 = Debug|x86
		Release|Any CPU = Release|Any CPU
		Release|x64 = Release|x64
		Release|x86 = Release|x86
	EndGlobalSection
	GlobalSection(ProjectConfigurationPlatforms) = postSolution
		{7A7FF4B6-68A1-4FEB-9827-FF06AEAEC24F}.Debug|Any CPU.ActiveCfg = Debug|Any CPU
		{7A7FF4B6-68A1-4FEB-9827-FF06AEAEC24F}.Debug|Any CPU.Build.0 = Debug|Any CPU
		{7A7FF4B6-68A1-4FEB-9827-FF06AEAEC24F}.Debug|x64.ActiveCfg = Debug|Any CPU
		{7A7FF4B6-68A1-4FEB-9827-FF06AEAEC24F}.Debug|x64.Build.0 = Debug|Any CPU
		{7A7FF4B6-68A1-4FEB-9827-FF06AEAEC24F}.Debug|x86.ActiveCfg = Debug|Any CPU
		{7A7FF4B6-68A1-4FEB-9827-FF06AEAEC24F}.Debug|x86.Build.0 = Debug|Any CPU
		{7A7FF4B6-68A1-4FEB-9827-FF06AEAEC24F}.Release|Any CPU.ActiveCfg = Release|Any CPU
		{7A7FF4B6-68A1-4FEB-9827-FF06AEAEC24F}.Release|Any CPU.Build.0 = Release|Any CPU
		{7A7FF4B6-68A1-4FEB-9827-FF06AEAEC24F}.Release|x64.ActiveCfg = Release|Any CPU
		{7A7FF4B6-68A1-4FEB-9827-FF06AEAEC24F}.Release|x64.Build.0 = Release|Any CPU
		{7A7FF4B6-68A1-4FEB-9827-FF06AEAEC24F}.Release|x86.ActiveCfg = Release|Any CPU
		{7A7FF4B6-68A1-4FEB-9827-FF06AEAEC24F}.Release|x86.Build.0 = Release|Any CPU
		{A951D287-8B01-4842-88FF-2B83618B6B46}.Debug|Any CPU.ActiveCfg = Debug|Any CPU
		{A951D287-8B01-4842-88FF-2B83618B6B46}.Debug|Any CPU.Build.0 = Debug|Any CPU
		{A951D287-8B01-4842-88FF-2B83618B6B46}.Debug|x64.ActiveCfg = Debug|Any CPU
		{A951D287-8B01-4842-88FF-2B83618B6B46}.Debug|x64.Build.0 = Debug|Any CPU
		{A951D287-8B01-4842-88FF-2B83618B6B46}.Debug|x86.ActiveCfg = Debug|Any CPU
		{A951D287-8B01-4842-88FF-2B83618B6B46}.Debug|x86.Build.0 = Debug|Any CPU
		{A951D287-8B01-4842-88FF-2B83618B6B46}.Release|Any CPU.ActiveCfg = Release|Any CPU
		{A951D287-8B01-4842-88FF-2B83618B6B46}.Release|Any CPU.Build.0 = Release|Any CPU
		{A951D287-8B01-4842-88FF-2B83618B6B46}.Release|x64.ActiveCfg = Release|Any CPU
		{A951D287-8B01-4842-88FF-2B83618B6B46}.Release|x64.Build.0 = Release|Any CPU
		{A951D287-8B01-4842-88FF-2B83618B6B46}.Release|x86.ActiveCfg = Release|Any CPU
		{A951D287-8B01-4842-88FF-2B83618B6B46}.Release|x86.Build.0 = Release|Any CPU
	EndGlobalSection
	GlobalSection(SolutionProperties) = preSolution
		HideSolutionNode = FALSE
	EndGlobalSection
	GlobalSection(NestedProjects) = preSolution
		{7A7FF4B6-68A1-4FEB-9827-FF06AEAEC24F} = {64D4A07F-9C8E-4C08-A293-18544FA71390}
		{A951D287-8B01-4842-88FF-2B83618B6B46} = {EEAB18A0-7D5C-4F81-BB52-1DC3B1C1BF49}
	EndGlobalSection
	GlobalSection(ExtensibilityGlobals) = postSolution
		SolutionGuid = {F0C51713-9708-43F4-B4BA-210BF7CD7BD9}
	EndGlobalSection
EndGlobal
